
Microsoft Visual Studio Solution File, Format Version 12.00
# Visual Studio Version 17
VisualStudioVersion = 17.10.35027.167
MinimumVisualStudioVersion = 10.0.40219.1
Project("{2150E333-8FDC-42A3-9474-1A3956D46DE8}") = "Solution Items", "Solution Items", "{CE64880E-48EA-4E9B-8421-0FE2DEDF84D2}"
	ProjectSection(SolutionItems) = preProject
		.editorconfig = .editorconfig
		Directory.Build.props = Directory.Build.props
		..\.gitignore = ..\.gitignore
		..\README.md = ..\README.md
	EndProjectSection
EndProject
Project("{FAE04EC0-301F-11D3-BF4B-00C04F79EFBC}") = "HE.FMS.IntegrationPlatform", "HE.FMS.IntegrationPlatform\HE.FMS.IntegrationPlatform.csproj", "{52986266-4A24-4D09-B684-B929A8BBACE4}"
EndProject
Project("{FAE04EC0-301F-11D3-BF4B-00C04F79EFBC}") = "HE.FMS.IntegrationPlatform.Common", "HE.FMS.IntegrationPlatform.Common\HE.FMS.IntegrationPlatform.Common.csproj", "{D4BFD193-5482-4854-825B-6438F15B571F}"
EndProject
Project("{FAE04EC0-301F-11D3-BF4B-00C04F79EFBC}") = "HE.FMS.IntegrationPlatform.Providers", "HE.FMS.IntegrationPlatform.Providers\HE.FMS.IntegrationPlatform.Providers.csproj", "{43D83185-6875-4F86-988E-7CF03EBA6D4A}"
EndProject
Project("{FAE04EC0-301F-11D3-BF4B-00C04F79EFBC}") = "HE.FMS.IntegrationPlatform.BusinessLogic", "HE.FMS.IntegrationPlatform.BusinessLogic\HE.FMS.IntegrationPlatform.BusinessLogic.csproj", "{658238BD-5747-4DD3-8406-998051207167}"
EndProject
Project("{FAE04EC0-301F-11D3-BF4B-00C04F79EFBC}") = "HE.FMS.IntegrationPlatform.Contract", "HE.FMS.IntegrationPlatform.Contract\HE.FMS.IntegrationPlatform.Contract.csproj", "{5ACC4D20-540D-40B3-9BF2-0F3960A6DBEB}"
EndProject
Project("{2150E333-8FDC-42A3-9474-1A3956D46DE8}") = "tests", "tests", "{A5EDFBA3-66FE-4A17-AA8F-5BBC0412844F}"
EndProject
Project("{FAE04EC0-301F-11D3-BF4B-00C04F79EFBC}") = "HE.FMS.IntegrationPlatform.Common.Tests", "HE.FMS.IntegrationPlatform.Common.Tests\HE.FMS.IntegrationPlatform.Common.Tests.csproj", "{10E380B9-769D-4A8F-B726-EBFD84095D66}"
EndProject
Global
	GlobalSection(SolutionConfigurationPlatforms) = preSolution
		Debug|Any CPU = Debug|Any CPU
		Release|Any CPU = Release|Any CPU
	EndGlobalSection
	GlobalSection(ProjectConfigurationPlatforms) = postSolution
		{52986266-4A24-4D09-B684-B929A8BBACE4}.Debug|Any CPU.ActiveCfg = Debug|Any CPU
		{52986266-4A24-4D09-B684-B929A8BBACE4}.Debug|Any CPU.Build.0 = Debug|Any CPU
		{52986266-4A24-4D09-B684-B929A8BBACE4}.Release|Any CPU.ActiveCfg = Release|Any CPU
		{52986266-4A24-4D09-B684-B929A8BBACE4}.Release|Any CPU.Build.0 = Release|Any CPU
		{D4BFD193-5482-4854-825B-6438F15B571F}.Debug|Any CPU.ActiveCfg = Debug|Any CPU
		{D4BFD193-5482-4854-825B-6438F15B571F}.Debug|Any CPU.Build.0 = Debug|Any CPU
		{D4BFD193-5482-4854-825B-6438F15B571F}.Release|Any CPU.ActiveCfg = Release|Any CPU
		{D4BFD193-5482-4854-825B-6438F15B571F}.Release|Any CPU.Build.0 = Release|Any CPU
		{43D83185-6875-4F86-988E-7CF03EBA6D4A}.Debug|Any CPU.ActiveCfg = Debug|Any CPU
		{43D83185-6875-4F86-988E-7CF03EBA6D4A}.Debug|Any CPU.Build.0 = Debug|Any CPU
		{43D83185-6875-4F86-988E-7CF03EBA6D4A}.Release|Any CPU.ActiveCfg = Release|Any CPU
		{43D83185-6875-4F86-988E-7CF03EBA6D4A}.Release|Any CPU.Build.0 = Release|Any CPU
		{658238BD-5747-4DD3-8406-998051207167}.Debug|Any CPU.ActiveCfg = Debug|Any CPU
		{658238BD-5747-4DD3-8406-998051207167}.Debug|Any CPU.Build.0 = Debug|Any CPU
		{658238BD-5747-4DD3-8406-998051207167}.Release|Any CPU.ActiveCfg = Release|Any CPU
		{658238BD-5747-4DD3-8406-998051207167}.Release|Any CPU.Build.0 = Release|Any CPU
		{5ACC4D20-540D-40B3-9BF2-0F3960A6DBEB}.Debug|Any CPU.ActiveCfg = Debug|Any CPU
		{5ACC4D20-540D-40B3-9BF2-0F3960A6DBEB}.Debug|Any CPU.Build.0 = Debug|Any CPU
		{5ACC4D20-540D-40B3-9BF2-0F3960A6DBEB}.Release|Any CPU.ActiveCfg = Release|Any CPU
		{5ACC4D20-540D-40B3-9BF2-0F3960A6DBEB}.Release|Any CPU.Build.0 = Release|Any CPU
		{10E380B9-769D-4A8F-B726-EBFD84095D66}.Debug|Any CPU.ActiveCfg = Debug|Any CPU
		{10E380B9-769D-4A8F-B726-EBFD84095D66}.Debug|Any CPU.Build.0 = Debug|Any CPU
		{10E380B9-769D-4A8F-B726-EBFD84095D66}.Release|Any CPU.ActiveCfg = Release|Any CPU
		{10E380B9-769D-4A8F-B726-EBFD84095D66}.Release|Any CPU.Build.0 = Release|Any CPU
	EndGlobalSection
	GlobalSection(SolutionProperties) = preSolution
		HideSolutionNode = FALSE
	EndGlobalSection
	GlobalSection(ExtensibilityGlobals) = postSolution
		SolutionGuid = {48802D5E-C7A9-46F6-9E92-628FE2473F9C}
	EndGlobalSection
	GlobalSection(NestedProjects) = preSolution
		{10E380B9-769D-4A8F-B726-EBFD84095D66} = {A5EDFBA3-66FE-4A17-AA8F-5BBC0412844F}
	EndGlobalSection
EndGlobal
