
Microsoft Visual Studio Solution File, Format Version 12.00
# Visual Studio Version 17
VisualStudioVersion = 17.10.35027.167
MinimumVisualStudioVersion = 10.0.40219.1
Project("{2150E333-8FDC-42A3-9474-1A3956D46DE8}") = "Solution Items", "Solution Items", "{CE64880E-48EA-4E9B-8421-0FE2DEDF84D2}"
	ProjectSection(SolutionItems) = preProject
		.editorconfig = .editorconfig
		..\.gitignore = ..\.gitignore
		Directory.Build.props = Directory.Build.props
		..\README.md = ..\README.md
	EndProjectSection
EndProject
Project("{9A19103F-16F7-4668-BE54-9A1E7A4F7556}") = "HE.FMS.Middleware", "HE.FMS.Middleware\HE.FMS.Middleware.csproj", "{52986266-4A24-4D09-B684-B929A8BBACE4}"
EndProject
Project("{9A19103F-16F7-4668-BE54-9A1E7A4F7556}") = "HE.FMS.Middleware.Common", "HE.FMS.Middleware.Common\HE.FMS.Middleware.Common.csproj", "{D4BFD193-5482-4854-825B-6438F15B571F}"
EndProject
Project("{9A19103F-16F7-4668-BE54-9A1E7A4F7556}") = "HE.FMS.Middleware.Providers", "HE.FMS.Middleware.Providers\HE.FMS.Middleware.Providers.csproj", "{43D83185-6875-4F86-988E-7CF03EBA6D4A}"
EndProject
Project("{9A19103F-16F7-4668-BE54-9A1E7A4F7556}") = "HE.FMS.Middleware.BusinessLogic", "HE.FMS.Middleware.BusinessLogic\HE.FMS.Middleware.BusinessLogic.csproj", "{658238BD-5747-4DD3-8406-998051207167}"
EndProject
Project("{9A19103F-16F7-4668-BE54-9A1E7A4F7556}") = "HE.FMS.Middleware.Contract", "HE.FMS.Middleware.Contract\HE.FMS.Middleware.Contract.csproj", "{5ACC4D20-540D-40B3-9BF2-0F3960A6DBEB}"
EndProject
Project("{2150E333-8FDC-42A3-9474-1A3956D46DE8}") = "Tests", "Tests", "{A5EDFBA3-66FE-4A17-AA8F-5BBC0412844F}"
EndProject
Project("{9A19103F-16F7-4668-BE54-9A1E7A4F7556}") = "HE.FMS.Middleware.Common.Tests", "HE.FMS.Middleware.Common.Tests\HE.FMS.Middleware.Common.Tests.csproj", "{10E380B9-769D-4A8F-B726-EBFD84095D66}"
EndProject
Project("{9A19103F-16F7-4668-BE54-9A1E7A4F7556}") = "HE.FMS.Middleware.BusinessLogic.Tests", "HE.FMS.Middleware.BusinessLogic.Tests\HE.FMS.Middleware.BusinessLogic.Tests.csproj", "{6D8477EC-6324-49FD-8835-65D4B821E2FA}"
EndProject
Project("{9A19103F-16F7-4668-BE54-9A1E7A4F7556}") = "HE.FMS.Middleware.Providers.Tests", "HE.FMS.Middleware.Providers.Tests\HE.FMS.Middleware.Providers.Tests.csproj", "{A2947302-1BDB-46C2-835E-C93CD97F9A5C}"
EndProject
Project("{9A19103F-16F7-4668-BE54-9A1E7A4F7556}") = "HE.FMS.Middleware.Shared.Tests", "HE.FMS.Middleware.Shared.Tests\HE.FMS.Middleware.Shared.Tests.csproj", "{19C136C7-04B2-406B-8756-AB7815BFCE60}"
EndProject
Project("{9A19103F-16F7-4668-BE54-9A1E7A4F7556}") = "HE.FMS.Middleware.Claims", "HE.FMS.Middleware.Claims\HE.FMS.Middleware.Claims.csproj", "{4588FA1F-1D6A-441A-9A46-FF229FC56559}"
EndProject
Project("{9A19103F-16F7-4668-BE54-9A1E7A4F7556}") = "HE.FMS.Middleware.Reclaims", "HE.FMS.Middleware.Reclaims\HE.FMS.Middleware.Reclaims.csproj", "{A38414A7-939A-4473-BD63-98933DA29925}"
EndProject
Project("{9A19103F-16F7-4668-BE54-9A1E7A4F7556}") = "HE.FMS.Middleware.Shared", "HE.FMS.Middleware.Shared\HE.FMS.Middleware.Shared.csproj", "{F79BD2EB-B8C9-446C-97F1-2465B8726026}"
EndProject
Project("{2150E333-8FDC-42A3-9474-1A3956D46DE8}") = "Azure Functions", "Azure Functions", "{D40961D8-C4A2-4E5B-8197-C0FC079165CE}"
EndProject
Project("{2150E333-8FDC-42A3-9474-1A3956D46DE8}") = "Lookup Seeds", "Lookup Seeds", "{BDABDE85-4181-4E31-BC03-6CCB04B79B96}"
	ProjectSection(SolutionItems) = preProject
		LookupSeeds\ClaimDefault.json = LookupSeeds\ClaimDefault.json
		LookupSeeds\MilestoneLookup.json = LookupSeeds\MilestoneLookup.json
		LookupSeeds\PartnerTypeLookup.json = LookupSeeds\PartnerTypeLookup.json
		LookupSeeds\ReclaimDefault.json = LookupSeeds\ReclaimDefault.json
		LookupSeeds\RegionLookup.json = LookupSeeds\RegionLookup.json
		LookupSeeds\RevenueIndicatorLookup.json = LookupSeeds\RevenueIndicatorLookup.json
		LookupSeeds\TenureLookup.json = LookupSeeds\TenureLookup.json
	EndProjectSection
EndProject
Project("{FAE04EC0-301F-11D3-BF4B-00C04F79EFBC}") = "HE.FMS.Middleware.Claims.Tests", "HE.FMS.Middleware.Claims.Tests\HE.FMS.Middleware.Claims.Tests.csproj", "{F01342B9-DAB4-4740-9669-D1AEAA937A9A}"
EndProject
Project("{FAE04EC0-301F-11D3-BF4B-00C04F79EFBC}") = "HE.FMS.Middleware.Reclaims.Tests", "HE.FMS.Middleware.Reclaims.Tests\HE.FMS.Middleware.Reclaims.Tests.csproj", "{600F1888-6930-4047-B5D6-DDFC402887FD}"
EndProject
Global
	GlobalSection(SolutionConfigurationPlatforms) = preSolution
		Debug|Any CPU = Debug|Any CPU
		Release|Any CPU = Release|Any CPU
	EndGlobalSection
	GlobalSection(ProjectConfigurationPlatforms) = postSolution
		{52986266-4A24-4D09-B684-B929A8BBACE4}.Debug|Any CPU.ActiveCfg = Debug|Any CPU
		{52986266-4A24-4D09-B684-B929A8BBACE4}.Debug|Any CPU.Build.0 = Debug|Any CPU
		{52986266-4A24-4D09-B684-B929A8BBACE4}.Release|Any CPU.ActiveCfg = Release|Any CPU
		{52986266-4A24-4D09-B684-B929A8BBACE4}.Release|Any CPU.Build.0 = Release|Any CPU
		{D4BFD193-5482-4854-825B-6438F15B571F}.Debug|Any CPU.ActiveCfg = Debug|Any CPU
		{D4BFD193-5482-4854-825B-6438F15B571F}.Debug|Any CPU.Build.0 = Debug|Any CPU
		{D4BFD193-5482-4854-825B-6438F15B571F}.Release|Any CPU.ActiveCfg = Release|Any CPU
		{D4BFD193-5482-4854-825B-6438F15B571F}.Release|Any CPU.Build.0 = Release|Any CPU
		{43D83185-6875-4F86-988E-7CF03EBA6D4A}.Debug|Any CPU.ActiveCfg = Debug|Any CPU
		{43D83185-6875-4F86-988E-7CF03EBA6D4A}.Debug|Any CPU.Build.0 = Debug|Any CPU
		{43D83185-6875-4F86-988E-7CF03EBA6D4A}.Release|Any CPU.ActiveCfg = Release|Any CPU
		{43D83185-6875-4F86-988E-7CF03EBA6D4A}.Release|Any CPU.Build.0 = Release|Any CPU
		{658238BD-5747-4DD3-8406-998051207167}.Debug|Any CPU.ActiveCfg = Debug|Any CPU
		{658238BD-5747-4DD3-8406-998051207167}.Debug|Any CPU.Build.0 = Debug|Any CPU
		{658238BD-5747-4DD3-8406-998051207167}.Release|Any CPU.ActiveCfg = Release|Any CPU
		{658238BD-5747-4DD3-8406-998051207167}.Release|Any CPU.Build.0 = Release|Any CPU
		{5ACC4D20-540D-40B3-9BF2-0F3960A6DBEB}.Debug|Any CPU.ActiveCfg = Debug|Any CPU
		{5ACC4D20-540D-40B3-9BF2-0F3960A6DBEB}.Debug|Any CPU.Build.0 = Debug|Any CPU
		{5ACC4D20-540D-40B3-9BF2-0F3960A6DBEB}.Release|Any CPU.ActiveCfg = Release|Any CPU
		{5ACC4D20-540D-40B3-9BF2-0F3960A6DBEB}.Release|Any CPU.Build.0 = Release|Any CPU
		{10E380B9-769D-4A8F-B726-EBFD84095D66}.Debug|Any CPU.ActiveCfg = Debug|Any CPU
		{10E380B9-769D-4A8F-B726-EBFD84095D66}.Debug|Any CPU.Build.0 = Debug|Any CPU
		{10E380B9-769D-4A8F-B726-EBFD84095D66}.Release|Any CPU.ActiveCfg = Release|Any CPU
		{10E380B9-769D-4A8F-B726-EBFD84095D66}.Release|Any CPU.Build.0 = Release|Any CPU
		{6D8477EC-6324-49FD-8835-65D4B821E2FA}.Debug|Any CPU.ActiveCfg = Debug|Any CPU
		{6D8477EC-6324-49FD-8835-65D4B821E2FA}.Debug|Any CPU.Build.0 = Debug|Any CPU
		{6D8477EC-6324-49FD-8835-65D4B821E2FA}.Release|Any CPU.ActiveCfg = Release|Any CPU
		{6D8477EC-6324-49FD-8835-65D4B821E2FA}.Release|Any CPU.Build.0 = Release|Any CPU
		{A2947302-1BDB-46C2-835E-C93CD97F9A5C}.Debug|Any CPU.ActiveCfg = Debug|Any CPU
		{A2947302-1BDB-46C2-835E-C93CD97F9A5C}.Debug|Any CPU.Build.0 = Debug|Any CPU
		{A2947302-1BDB-46C2-835E-C93CD97F9A5C}.Release|Any CPU.ActiveCfg = Release|Any CPU
		{A2947302-1BDB-46C2-835E-C93CD97F9A5C}.Release|Any CPU.Build.0 = Release|Any CPU
		{19C136C7-04B2-406B-8756-AB7815BFCE60}.Debug|Any CPU.ActiveCfg = Debug|Any CPU
		{19C136C7-04B2-406B-8756-AB7815BFCE60}.Debug|Any CPU.Build.0 = Debug|Any CPU
		{19C136C7-04B2-406B-8756-AB7815BFCE60}.Release|Any CPU.ActiveCfg = Release|Any CPU
		{19C136C7-04B2-406B-8756-AB7815BFCE60}.Release|Any CPU.Build.0 = Release|Any CPU
		{4588FA1F-1D6A-441A-9A46-FF229FC56559}.Debug|Any CPU.ActiveCfg = Debug|Any CPU
		{4588FA1F-1D6A-441A-9A46-FF229FC56559}.Debug|Any CPU.Build.0 = Debug|Any CPU
		{4588FA1F-1D6A-441A-9A46-FF229FC56559}.Release|Any CPU.ActiveCfg = Release|Any CPU
		{4588FA1F-1D6A-441A-9A46-FF229FC56559}.Release|Any CPU.Build.0 = Release|Any CPU
		{A38414A7-939A-4473-BD63-98933DA29925}.Debug|Any CPU.ActiveCfg = Debug|Any CPU
		{A38414A7-939A-4473-BD63-98933DA29925}.Debug|Any CPU.Build.0 = Debug|Any CPU
		{A38414A7-939A-4473-BD63-98933DA29925}.Release|Any CPU.ActiveCfg = Release|Any CPU
		{A38414A7-939A-4473-BD63-98933DA29925}.Release|Any CPU.Build.0 = Release|Any CPU
		{F79BD2EB-B8C9-446C-97F1-2465B8726026}.Debug|Any CPU.ActiveCfg = Debug|Any CPU
		{F79BD2EB-B8C9-446C-97F1-2465B8726026}.Debug|Any CPU.Build.0 = Debug|Any CPU
		{F79BD2EB-B8C9-446C-97F1-2465B8726026}.Release|Any CPU.ActiveCfg = Release|Any CPU
		{F79BD2EB-B8C9-446C-97F1-2465B8726026}.Release|Any CPU.Build.0 = Release|Any CPU
		{F01342B9-DAB4-4740-9669-D1AEAA937A9A}.Debug|Any CPU.ActiveCfg = Debug|Any CPU
		{F01342B9-DAB4-4740-9669-D1AEAA937A9A}.Debug|Any CPU.Build.0 = Debug|Any CPU
		{F01342B9-DAB4-4740-9669-D1AEAA937A9A}.Release|Any CPU.ActiveCfg = Release|Any CPU
		{F01342B9-DAB4-4740-9669-D1AEAA937A9A}.Release|Any CPU.Build.0 = Release|Any CPU
		{600F1888-6930-4047-B5D6-DDFC402887FD}.Debug|Any CPU.ActiveCfg = Debug|Any CPU
		{600F1888-6930-4047-B5D6-DDFC402887FD}.Debug|Any CPU.Build.0 = Debug|Any CPU
		{600F1888-6930-4047-B5D6-DDFC402887FD}.Release|Any CPU.ActiveCfg = Release|Any CPU
		{600F1888-6930-4047-B5D6-DDFC402887FD}.Release|Any CPU.Build.0 = Release|Any CPU
	EndGlobalSection
	GlobalSection(SolutionProperties) = preSolution
		HideSolutionNode = FALSE
	EndGlobalSection
	GlobalSection(NestedProjects) = preSolution
		{52986266-4A24-4D09-B684-B929A8BBACE4} = {D40961D8-C4A2-4E5B-8197-C0FC079165CE}
		{10E380B9-769D-4A8F-B726-EBFD84095D66} = {A5EDFBA3-66FE-4A17-AA8F-5BBC0412844F}
		{6D8477EC-6324-49FD-8835-65D4B821E2FA} = {A5EDFBA3-66FE-4A17-AA8F-5BBC0412844F}
		{A2947302-1BDB-46C2-835E-C93CD97F9A5C} = {A5EDFBA3-66FE-4A17-AA8F-5BBC0412844F}
		{19C136C7-04B2-406B-8756-AB7815BFCE60} = {A5EDFBA3-66FE-4A17-AA8F-5BBC0412844F}
		{4588FA1F-1D6A-441A-9A46-FF229FC56559} = {D40961D8-C4A2-4E5B-8197-C0FC079165CE}
		{A38414A7-939A-4473-BD63-98933DA29925} = {D40961D8-C4A2-4E5B-8197-C0FC079165CE}
		{F01342B9-DAB4-4740-9669-D1AEAA937A9A} = {A5EDFBA3-66FE-4A17-AA8F-5BBC0412844F}
		{600F1888-6930-4047-B5D6-DDFC402887FD} = {A5EDFBA3-66FE-4A17-AA8F-5BBC0412844F}
	EndGlobalSection
	GlobalSection(ExtensibilityGlobals) = postSolution
		SolutionGuid = {48802D5E-C7A9-46F6-9E92-628FE2473F9C}
	EndGlobalSection
EndGlobal
